
Microsoft Visual Studio Solution File, Format Version 12.00
# Visual Studio Version 17
VisualStudioVersion = 17.0.31903.59
MinimumVisualStudioVersion = 10.0.40219.1
Project("{FAE04EC0-301F-11D3-BF4B-00C04F79EFBC}") = "Kaleidescape", "Kaleidescape\Kaleidescape.csproj", "{FA230E8C-D00C-4AF7-9CAD-232939DE6869}"
EndProject
Project("{FAE04EC0-301F-11D3-BF4B-00C04F79EFBC}") = "Receiver", "Receiver\Receiver.csproj", "{FD37609C-EFB1-400A-8E95-A544ACD60726}"
EndProject
Project("{FAE04EC0-301F-11D3-BF4B-00C04F79EFBC}") = "Discovery", "Discovery\Discovery.csproj", "{E09C1453-F6F4-43C6-B9EC-B4A5C8107667}"
EndProject
Project("{FAE04EC0-301F-11D3-BF4B-00C04F79EFBC}") = "Video", "Video\Video.csproj", "{C5E756E0-6B39-40B9-AE48-4EF2C42B1C95}"
EndProject
Global
	GlobalSection(SolutionConfigurationPlatforms) = preSolution
		Debug|Any CPU = Debug|Any CPU
		Release|Any CPU = Release|Any CPU
	EndGlobalSection
	GlobalSection(SolutionProperties) = preSolution
		HideSolutionNode = FALSE
	EndGlobalSection
	GlobalSection(ProjectConfigurationPlatforms) = postSolution
		{FA230E8C-D00C-4AF7-9CAD-232939DE6869}.Debug|Any CPU.ActiveCfg = Debug|Any CPU
		{FA230E8C-D00C-4AF7-9CAD-232939DE6869}.Debug|Any CPU.Build.0 = Debug|Any CPU
		{FA230E8C-D00C-4AF7-9CAD-232939DE6869}.Release|Any CPU.ActiveCfg = Release|Any CPU
		{FA230E8C-D00C-4AF7-9CAD-232939DE6869}.Release|Any CPU.Build.0 = Release|Any CPU
		{FD37609C-EFB1-400A-8E95-A544ACD60726}.Debug|Any CPU.ActiveCfg = Debug|Any CPU
		{FD37609C-EFB1-400A-8E95-A544ACD60726}.Debug|Any CPU.Build.0 = Debug|Any CPU
		{FD37609C-EFB1-400A-8E95-A544ACD60726}.Release|Any CPU.ActiveCfg = Release|Any CPU
		{FD37609C-EFB1-400A-8E95-A544ACD60726}.Release|Any CPU.Build.0 = Release|Any CPU
		{E09C1453-F6F4-43C6-B9EC-B4A5C8107667}.Debug|Any CPU.ActiveCfg = Debug|Any CPU
		{E09C1453-F6F4-43C6-B9EC-B4A5C8107667}.Debug|Any CPU.Build.0 = Debug|Any CPU
		{E09C1453-F6F4-43C6-B9EC-B4A5C8107667}.Release|Any CPU.ActiveCfg = Release|Any CPU
		{E09C1453-F6F4-43C6-B9EC-B4A5C8107667}.Release|Any CPU.Build.0 = Release|Any CPU
		{C5E756E0-6B39-40B9-AE48-4EF2C42B1C95}.Debug|Any CPU.ActiveCfg = Debug|Any CPU
		{C5E756E0-6B39-40B9-AE48-4EF2C42B1C95}.Debug|Any CPU.Build.0 = Debug|Any CPU
		{C5E756E0-6B39-40B9-AE48-4EF2C42B1C95}.Release|Any CPU.ActiveCfg = Release|Any CPU
		{C5E756E0-6B39-40B9-AE48-4EF2C42B1C95}.Release|Any CPU.Build.0 = Release|Any CPU
	EndGlobalSection
EndGlobal
